PODS:
  - Flutter (1.0.0)
  - Iaphub (4.6.2)
  - iaphub_flutter (1.5.0):
    - Flutter
    - Iaphub (= 4.6.2)

DEPENDENCIES:
  - Flutter (from `Flutter`)
  - iaphub_flutter (from `.symlinks/plugins/iaphub_flutter/ios`)

SPEC REPOS:
  trunk:
    - Iaphub

EXTERNAL SOURCES:
  Flutter:
    :path: Flutter
  iaphub_flutter:
    :path: ".symlinks/plugins/iaphub_flutter/ios"

SPEC CHECKSUMS:
  Flutter: e0871f40cf51350855a761d2e70bf5af5b9b5de7
  Iaphub: 856f1273787f159d0495c4f2c424e7f0eac09e72
  iaphub_flutter: adaf917fefa83464b3f23ab721bdb5104f270bb1

PODFILE CHECKSUM: c4c93c5f6502fe2754f48404d3594bf779584011

COCOAPODS: 1.15.2
